{
  "name": "z",
  "version": "1.0.0",
  "lockfileVersion": 1,
  "requires": true,
  "dependencies": {
    "@types/matter-js": {
      "version": "0.10.2",
      "resolved": "https://registry.npmjs.org/@types/matter-js/-/matter-js-0.10.2.tgz",
      "integrity": "sha512-7zg46Fx+nPIZ+WlK0Xud8L2IKk9BsilA7hgw+60o75/hM0fnx5MgufCpNPQB+69N+0WFirX5fhoHdmYdzkwdGw=="
    },
    "bootflat": {
      "version": "2.0.4",
      "resolved": "https://registry.npmjs.org/bootflat/-/bootflat-2.0.4.tgz",
      "integrity": "sha1-BvQy1QEXjDKN1ADUytE3KcAqlUw="
    },
    "jquery": {
      "version": "3.3.1",
      "resolved": "https://registry.npmjs.org/jquery/-/jquery-3.3.1.tgz",
      "integrity": "sha512-Ubldcmxp5np52/ENotGxlLe6aGMvmF4R8S6tZjsP6Knsaxd/xp3Zrh50cG93lR6nPXyUFwzN3ZSOQI0wRJNdGg=="
    },
    "jquery-ui-dist": {
      "version": "1.12.1",
      "resolved": "https://registry.npmjs.org/jquery-ui-dist/-/jquery-ui-dist-1.12.1.tgz",
      "integrity": "sha1-XAgV08xvkP9fqvWyaKbiO0ypBPo="
    },
    "jquerymy": {
      "version": "1.2.14",
      "resolved": "https://registry.npmjs.org/jquerymy/-/jquerymy-1.2.14.tgz",
      "integrity": "sha1-zU1N6oOtITLYw95xQy1eEZdHpPE=",
      "requires": {
        "jquery": "~2",
        "sugar": "1.4.x"
      },
      "dependencies": {
        "jquery": {
          "version": "2.2.4",
          "resolved": "https://registry.npmjs.org/jquery/-/jquery-2.2.4.tgz",
          "integrity": "sha1-LInWiJterFIqfuoywUUhVZxsvwI="
        }
      }
    },
    "matter-js": {
      "version": "0.14.2",
      "resolved": "https://registry.npmjs.org/matter-js/-/matter-js-0.14.2.tgz",
      "integrity": "sha512-3ttVT8cJlQnGRjBa8MyVrGyvGmnmOkZ3YsyemIw+KwEEdVi70mo32FH1Eta2b3GfdDJFbMDRqyMQt4heNKBUEA=="
    },
    "sugar": {
      "version": "1.4.1",
      "resolved": "https://registry.npmjs.org/sugar/-/sugar-1.4.1.tgz",
      "integrity": "sha1-ExDU3txpnloXMYNxhUGw14RKdZg="
    }
  }
}
